
Microsoft Visual Studio Solution File, Format Version 12.00
# Visual Studio Version 17
VisualStudioVersion = 17.3.32929.385
MinimumVisualStudioVersion = 10.0.40219.1
Project("{9A19103F-16F7-4668-BE54-9A1E7A4F7556}") = "ALXCourse", "ALXCourse\ALXCourse.csproj", "{EE86CB14-79D5-46F4-A184-7A18FD65FC7A}"
EndProject
Project("{2150E333-8FDC-42A3-9474-1A3956D46DE8}") = "Solution Items", "Solution Items", "{C2FCE648-BB81-4BE1-91C4-A598D44AA3E1}"
	ProjectSection(SolutionItems) = preProject
		.gitignore = .gitignore
	EndProjectSection
EndProject
Project("{9A19103F-16F7-4668-BE54-9A1E7A4F7556}") = "ALXCalculator", "ALXCalculator\ALXCalculator.csproj", "{07F1FBB5-CEE9-4FF2-9474-A5447AF3098D}"
EndProject
Project("{9A19103F-16F7-4668-BE54-9A1E7A4F7556}") = "AlxCourseHomework", "AlxCourseHomework\AlxCourseHomework.csproj", "{1727F5A3-7F84-47D3-A5D0-2B27B4AC2948}"
EndProject
Project("{9A19103F-16F7-4668-BE54-9A1E7A4F7556}") = "CommonFunctionalities", "CommonFunctionalities\CommonFunctionalities.csproj", "{14462432-CE76-450F-99EB-E39195C2B8AC}"
EndProject
Project("{9A19103F-16F7-4668-BE54-9A1E7A4F7556}") = "ShootingRangeApp", "ShootingRangeApp\ShootingRangeApp.csproj", "{CA9446ED-C0E4-4D9F-86B5-B977AEC3CC94}"
EndProject
Project("{9A19103F-16F7-4668-BE54-9A1E7A4F7556}") = "ShopApp", "ShopApp\ShopApp.csproj", "{99E08AA5-0282-49C9-ADD0-4A6E39F84311}"
EndProject
Project("{2150E333-8FDC-42A3-9474-1A3956D46DE8}") = "FormApps", "FormApps", "{9B19C27B-E988-4411-836F-D493BC6F0C70}"
EndProject
Project("{9A19103F-16F7-4668-BE54-9A1E7A4F7556}") = "HardcodedFormApp", "FormApp\HardcodedFormApp.csproj", "{8CEA5DBF-5782-44E2-8EEE-C7B5D192941F}"
EndProject
Project("{9A19103F-16F7-4668-BE54-9A1E7A4F7556}") = "CourseFormApp", "CourseFormApp\CourseFormApp.csproj", "{12FE5C1A-9F74-4993-9AAB-4938D950F7B8}"
EndProject
Project("{2150E333-8FDC-42A3-9474-1A3956D46DE8}") = "Assignments", "Assignments", "{44EDCA32-765A-4052-B4A0-F0576F0101F1}"
EndProject
Project("{9A19103F-16F7-4668-BE54-9A1E7A4F7556}") = "MovingButton", "MovingButton\MovingButton.csproj", "{DE56DC27-C97F-4286-97E9-79DF2481FE1E}"
EndProject
Project("{9A19103F-16F7-4668-BE54-9A1E7A4F7556}") = "CalculatorForm", "CalculatorForm\CalculatorForm.csproj", "{B8A863BF-24AF-46CD-B1F9-2BD0D177DDB5}"
EndProject
Project("{2150E333-8FDC-42A3-9474-1A3956D46DE8}") = "ConsoleApps", "ConsoleApps", "{1CFBFCC1-D868-4B87-829D-7B13633196B6}"
EndProject
Project("{9A19103F-16F7-4668-BE54-9A1E7A4F7556}") = "CalculatorConsole", "CalculatorConsole\CalculatorConsole.csproj", "{C142458B-1FB9-4D1D-A2A3-7956A801E1C9}"
EndProject
Project("{9A19103F-16F7-4668-BE54-9A1E7A4F7556}") = "FirstMaterialProjectApp", "FirstMaterialProjectApp\FirstMaterialProjectApp.csproj", "{7B27AC8A-4E24-4380-A0CE-D68E9E0C0043}"
EndProject
Project("{9A19103F-16F7-4668-BE54-9A1E7A4F7556}") = "AlxCourseFormHomework", "AlxCourseFormHomework\AlxCourseFormHomework.csproj", "{3E1893F7-40F0-4C2C-A71F-983909FB0932}"
EndProject
Project("{9A19103F-16F7-4668-BE54-9A1E7A4F7556}") = "Totolotek", "Totolotek\Totolotek.csproj", "{CAA65F7C-3DB6-404C-8D40-F7068C0B8482}"
EndProject
Project("{2150E333-8FDC-42A3-9474-1A3956D46DE8}") = "DBInteractions", "DBInteractions", "{27154B22-EDCE-47BF-A29B-02D493241B50}"
EndProject
Project("{9A19103F-16F7-4668-BE54-9A1E7A4F7556}") = "ADODemoConsoleApp", "ADODemoConsoleApp\ADODemoConsoleApp.csproj", "{25B6A03A-E9E3-4A4D-9A94-6ABDE42E399E}"
EndProject
Project("{FAE04EC0-301F-11D3-BF4B-00C04F79EFBC}") = "LibraryDataBaseApp", "LibraryDataBaseApp\LibraryDataBaseApp.csproj", "{EA4D7A64-CAD1-4E43-9FD8-9D36E97EBFFB}"
EndProject
Global
	GlobalSection(SolutionConfigurationPlatforms) = preSolution
		Debug|Any CPU = Debug|Any CPU
		Release|Any CPU = Release|Any CPU
	EndGlobalSection
	GlobalSection(ProjectConfigurationPlatforms) = postSolution
		{EE86CB14-79D5-46F4-A184-7A18FD65FC7A}.Debug|Any CPU.ActiveCfg = Debug|Any CPU
		{EE86CB14-79D5-46F4-A184-7A18FD65FC7A}.Debug|Any CPU.Build.0 = Debug|Any CPU
		{EE86CB14-79D5-46F4-A184-7A18FD65FC7A}.Release|Any CPU.ActiveCfg = Release|Any CPU
		{EE86CB14-79D5-46F4-A184-7A18FD65FC7A}.Release|Any CPU.Build.0 = Release|Any CPU
		{07F1FBB5-CEE9-4FF2-9474-A5447AF3098D}.Debug|Any CPU.ActiveCfg = Debug|Any CPU
		{07F1FBB5-CEE9-4FF2-9474-A5447AF3098D}.Debug|Any CPU.Build.0 = Debug|Any CPU
		{07F1FBB5-CEE9-4FF2-9474-A5447AF3098D}.Release|Any CPU.ActiveCfg = Release|Any CPU
		{07F1FBB5-CEE9-4FF2-9474-A5447AF3098D}.Release|Any CPU.Build.0 = Release|Any CPU
		{1727F5A3-7F84-47D3-A5D0-2B27B4AC2948}.Debug|Any CPU.ActiveCfg = Debug|Any CPU
		{1727F5A3-7F84-47D3-A5D0-2B27B4AC2948}.Debug|Any CPU.Build.0 = Debug|Any CPU
		{1727F5A3-7F84-47D3-A5D0-2B27B4AC2948}.Release|Any CPU.ActiveCfg = Release|Any CPU
		{1727F5A3-7F84-47D3-A5D0-2B27B4AC2948}.Release|Any CPU.Build.0 = Release|Any CPU
		{14462432-CE76-450F-99EB-E39195C2B8AC}.Debug|Any CPU.ActiveCfg = Debug|Any CPU
		{14462432-CE76-450F-99EB-E39195C2B8AC}.Debug|Any CPU.Build.0 = Debug|Any CPU
		{14462432-CE76-450F-99EB-E39195C2B8AC}.Release|Any CPU.ActiveCfg = Release|Any CPU
		{14462432-CE76-450F-99EB-E39195C2B8AC}.Release|Any CPU.Build.0 = Release|Any CPU
		{CA9446ED-C0E4-4D9F-86B5-B977AEC3CC94}.Debug|Any CPU.ActiveCfg = Debug|Any CPU
		{CA9446ED-C0E4-4D9F-86B5-B977AEC3CC94}.Debug|Any CPU.Build.0 = Debug|Any CPU
		{CA9446ED-C0E4-4D9F-86B5-B977AEC3CC94}.Release|Any CPU.ActiveCfg = Release|Any CPU
		{CA9446ED-C0E4-4D9F-86B5-B977AEC3CC94}.Release|Any CPU.Build.0 = Release|Any CPU
		{99E08AA5-0282-49C9-ADD0-4A6E39F84311}.Debug|Any CPU.ActiveCfg = Debug|Any CPU
		{99E08AA5-0282-49C9-ADD0-4A6E39F84311}.Debug|Any CPU.Build.0 = Debug|Any CPU
		{99E08AA5-0282-49C9-ADD0-4A6E39F84311}.Release|Any CPU.ActiveCfg = Release|Any CPU
		{99E08AA5-0282-49C9-ADD0-4A6E39F84311}.Release|Any CPU.Build.0 = Release|Any CPU
		{8CEA5DBF-5782-44E2-8EEE-C7B5D192941F}.Debug|Any CPU.ActiveCfg = Debug|Any CPU
		{8CEA5DBF-5782-44E2-8EEE-C7B5D192941F}.Debug|Any CPU.Build.0 = Debug|Any CPU
		{8CEA5DBF-5782-44E2-8EEE-C7B5D192941F}.Release|Any CPU.ActiveCfg = Release|Any CPU
		{8CEA5DBF-5782-44E2-8EEE-C7B5D192941F}.Release|Any CPU.Build.0 = Release|Any CPU
		{12FE5C1A-9F74-4993-9AAB-4938D950F7B8}.Debug|Any CPU.ActiveCfg = Debug|Any CPU
		{12FE5C1A-9F74-4993-9AAB-4938D950F7B8}.Debug|Any CPU.Build.0 = Debug|Any CPU
		{12FE5C1A-9F74-4993-9AAB-4938D950F7B8}.Release|Any CPU.ActiveCfg = Release|Any CPU
		{12FE5C1A-9F74-4993-9AAB-4938D950F7B8}.Release|Any CPU.Build.0 = Release|Any CPU
		{DE56DC27-C97F-4286-97E9-79DF2481FE1E}.Debug|Any CPU.ActiveCfg = Debug|Any CPU
		{DE56DC27-C97F-4286-97E9-79DF2481FE1E}.Debug|Any CPU.Build.0 = Debug|Any CPU
		{DE56DC27-C97F-4286-97E9-79DF2481FE1E}.Release|Any CPU.ActiveCfg = Release|Any CPU
		{DE56DC27-C97F-4286-97E9-79DF2481FE1E}.Release|Any CPU.Build.0 = Release|Any CPU
		{B8A863BF-24AF-46CD-B1F9-2BD0D177DDB5}.Debug|Any CPU.ActiveCfg = Debug|Any CPU
		{B8A863BF-24AF-46CD-B1F9-2BD0D177DDB5}.Debug|Any CPU.Build.0 = Debug|Any CPU
		{B8A863BF-24AF-46CD-B1F9-2BD0D177DDB5}.Release|Any CPU.ActiveCfg = Release|Any CPU
		{B8A863BF-24AF-46CD-B1F9-2BD0D177DDB5}.Release|Any CPU.Build.0 = Release|Any CPU
		{C142458B-1FB9-4D1D-A2A3-7956A801E1C9}.Debug|Any CPU.ActiveCfg = Debug|Any CPU
		{C142458B-1FB9-4D1D-A2A3-7956A801E1C9}.Debug|Any CPU.Build.0 = Debug|Any CPU
		{C142458B-1FB9-4D1D-A2A3-7956A801E1C9}.Release|Any CPU.ActiveCfg = Release|Any CPU
		{C142458B-1FB9-4D1D-A2A3-7956A801E1C9}.Release|Any CPU.Build.0 = Release|Any CPU
		{7B27AC8A-4E24-4380-A0CE-D68E9E0C0043}.Debug|Any CPU.ActiveCfg = Debug|Any CPU
		{7B27AC8A-4E24-4380-A0CE-D68E9E0C0043}.Debug|Any CPU.Build.0 = Debug|Any CPU
		{7B27AC8A-4E24-4380-A0CE-D68E9E0C0043}.Release|Any CPU.ActiveCfg = Release|Any CPU
		{7B27AC8A-4E24-4380-A0CE-D68E9E0C0043}.Release|Any CPU.Build.0 = Release|Any CPU
		{3E1893F7-40F0-4C2C-A71F-983909FB0932}.Debug|Any CPU.ActiveCfg = Debug|Any CPU
		{3E1893F7-40F0-4C2C-A71F-983909FB0932}.Debug|Any CPU.Build.0 = Debug|Any CPU
		{3E1893F7-40F0-4C2C-A71F-983909FB0932}.Release|Any CPU.ActiveCfg = Release|Any CPU
		{3E1893F7-40F0-4C2C-A71F-983909FB0932}.Release|Any CPU.Build.0 = Release|Any CPU
		{CAA65F7C-3DB6-404C-8D40-F7068C0B8482}.Debug|Any CPU.ActiveCfg = Debug|Any CPU
		{CAA65F7C-3DB6-404C-8D40-F7068C0B8482}.Debug|Any CPU.Build.0 = Debug|Any CPU
		{CAA65F7C-3DB6-404C-8D40-F7068C0B8482}.Release|Any CPU.ActiveCfg = Release|Any CPU
		{CAA65F7C-3DB6-404C-8D40-F7068C0B8482}.Release|Any CPU.Build.0 = Release|Any CPU
		{25B6A03A-E9E3-4A4D-9A94-6ABDE42E399E}.Debug|Any CPU.ActiveCfg = Debug|Any CPU
		{25B6A03A-E9E3-4A4D-9A94-6ABDE42E399E}.Debug|Any CPU.Build.0 = Debug|Any CPU
		{25B6A03A-E9E3-4A4D-9A94-6ABDE42E399E}.Release|Any CPU.ActiveCfg = Release|Any CPU
		{25B6A03A-E9E3-4A4D-9A94-6ABDE42E399E}.Release|Any CPU.Build.0 = Release|Any CPU
		{EA4D7A64-CAD1-4E43-9FD8-9D36E97EBFFB}.Debug|Any CPU.ActiveCfg = Debug|Any CPU
		{EA4D7A64-CAD1-4E43-9FD8-9D36E97EBFFB}.Debug|Any CPU.Build.0 = Debug|Any CPU
		{EA4D7A64-CAD1-4E43-9FD8-9D36E97EBFFB}.Release|Any CPU.ActiveCfg = Release|Any CPU
		{EA4D7A64-CAD1-4E43-9FD8-9D36E97EBFFB}.Release|Any CPU.Build.0 = Release|Any CPU
	EndGlobalSection
	GlobalSection(SolutionProperties) = preSolution
		HideSolutionNode = FALSE
	EndGlobalSection
	GlobalSection(NestedProjects) = preSolution
		{EE86CB14-79D5-46F4-A184-7A18FD65FC7A} = {1CFBFCC1-D868-4B87-829D-7B13633196B6}
		{07F1FBB5-CEE9-4FF2-9474-A5447AF3098D} = {1CFBFCC1-D868-4B87-829D-7B13633196B6}
		{1727F5A3-7F84-47D3-A5D0-2B27B4AC2948} = {1CFBFCC1-D868-4B87-829D-7B13633196B6}
		{CA9446ED-C0E4-4D9F-86B5-B977AEC3CC94} = {1CFBFCC1-D868-4B87-829D-7B13633196B6}
		{99E08AA5-0282-49C9-ADD0-4A6E39F84311} = {1CFBFCC1-D868-4B87-829D-7B13633196B6}
		{8CEA5DBF-5782-44E2-8EEE-C7B5D192941F} = {9B19C27B-E988-4411-836F-D493BC6F0C70}
		{12FE5C1A-9F74-4993-9AAB-4938D950F7B8} = {9B19C27B-E988-4411-836F-D493BC6F0C70}
		{DE56DC27-C97F-4286-97E9-79DF2481FE1E} = {44EDCA32-765A-4052-B4A0-F0576F0101F1}
		{B8A863BF-24AF-46CD-B1F9-2BD0D177DDB5} = {9B19C27B-E988-4411-836F-D493BC6F0C70}
		{C142458B-1FB9-4D1D-A2A3-7956A801E1C9} = {1CFBFCC1-D868-4B87-829D-7B13633196B6}
		{7B27AC8A-4E24-4380-A0CE-D68E9E0C0043} = {1CFBFCC1-D868-4B87-829D-7B13633196B6}
		{3E1893F7-40F0-4C2C-A71F-983909FB0932} = {9B19C27B-E988-4411-836F-D493BC6F0C70}
		{CAA65F7C-3DB6-404C-8D40-F7068C0B8482} = {9B19C27B-E988-4411-836F-D493BC6F0C70}
		{25B6A03A-E9E3-4A4D-9A94-6ABDE42E399E} = {27154B22-EDCE-47BF-A29B-02D493241B50}
		{EA4D7A64-CAD1-4E43-9FD8-9D36E97EBFFB} = {9B19C27B-E988-4411-836F-D493BC6F0C70}
	EndGlobalSection
	GlobalSection(ExtensibilityGlobals) = postSolution
		SolutionGuid = {34F9277C-2BF5-4104-9594-A8F159C6F851}
	EndGlobalSection
EndGlobal
